schema: '2.0'
stages:
  data_ingestion:
    cmd: python src/components/data_ingestion.py
    deps:
    - path: configs/config.py
      hash: md5
      md5: 222588f144674c10a9f6fc8d4e09c516
      size: 1105
    - path: configs/mongo_configuration.py
      hash: md5
      md5: c530764dee7e47a0c2a0f34f29d8daf5
      size: 1276
    - path: configs/settings.py
      hash: md5
      md5: 6ee7a941d014d14ca1a18a5eabef1c30
      size: 805
    - path: src/components/data_ingestion.py
      hash: md5
      md5: 5de14dbca39ff5da591fc0676688a548
      size: 2763
    - path: src/entity/artifact_entity.py
      hash: md5
      md5: 2720f82d5ff639fbb8c4f4be31433232
      size: 283
    - path: src/entity/config_entity.py
      hash: md5
      md5: d2d92a132fe8b0392b1a971a3a56360d
      size: 472
    outs:
    - path: data/feature/test.csv
      hash: md5
      md5: 12cd2348b09501a5b96c57f7aa7b653e
      size: 378137
    - path: data/feature/train.csv
      hash: md5
      md5: 99ace77af6f0c8077cbdbb92a6c04370
      size: 1509069
    - path: data/raw/raw.csv
      hash: md5
      md5: ec821041db7e211a8393c60ef95c10ce
      size: 1886543
  data_validation:
    cmd: python src/components/data_validation.py
    deps:
    - path: configs/config.py
      hash: md5
      md5: 222588f144674c10a9f6fc8d4e09c516
      size: 1105
    - path: configs/schema.yaml
      hash: md5
      md5: c18f7bfbcf91f6f0d7648b9ce2a38402
      size: 4664
    - path: configs/settings.py
      hash: md5
      md5: 6ee7a941d014d14ca1a18a5eabef1c30
      size: 805
    - path: data/feature/test.csv
      hash: md5
      md5: 12cd2348b09501a5b96c57f7aa7b653e
      size: 378137
    - path: data/feature/train.csv
      hash: md5
      md5: 99ace77af6f0c8077cbdbb92a6c04370
      size: 1509069
    - path: src/components/data_validation.py
      hash: md5
      md5: 38660cc677b56535b5a178213bcf6ed8
      size: 2328
    - path: src/entity/artifact_entity.py
      hash: md5
      md5: 2720f82d5ff639fbb8c4f4be31433232
      size: 283
    - path: src/utils/common.py
      hash: md5
      md5: 0c6a1d445c77af1ccec9d2c3b5fb3634
      size: 1702
    outs:
    - path: artifacts/reports/validation.json
      hash: md5
      md5: 21e7a5cf0337dc32b111f216edba9537
      size: 69
  data_preproccessing:
    cmd: python src/components/data_preproccess.py
    deps:
    - path: configs/config.py
      hash: md5
      md5: 222588f144674c10a9f6fc8d4e09c516
      size: 1105
    - path: configs/settings.py
      hash: md5
      md5: 6ee7a941d014d14ca1a18a5eabef1c30
      size: 805
    - path: src/components/data_preproccess.py
      hash: md5
      md5: 6d4adae7c3180a748d207e5879c2e361
      size: 2228
    - path: src/utils/common.py
      hash: md5
      md5: 0c6a1d445c77af1ccec9d2c3b5fb3634
      size: 1702
    outs:
    - path: data/preproccessed/test.csv
      hash: md5
      md5: 12cd2348b09501a5b96c57f7aa7b653e
      size: 378137
    - path: data/preproccessed/train.csv
      hash: md5
      md5: 12cd2348b09501a5b96c57f7aa7b653e
      size: 378137
