schema: '2.0'
stages:
  data_ingestion:
    cmd: python src/components/data_ingestion.py
    deps:
    - path: configs/config.py
      hash: md5
      md5: 3493074e5741d7b00e07e2a7f337462f
      size: 2450
    - path: configs/mongo_configuration.py
      hash: md5
      md5: c530764dee7e47a0c2a0f34f29d8daf5
      size: 1276
    - path: configs/settings.py
      hash: md5
      md5: 1dd1f166deb69914148fc81e6c2aecf8
      size: 1645
    - path: src/components/data_ingestion.py
      hash: md5
      md5: 84551b2bdcd7496af07adccf4180adb4
      size: 3802
    - path: src/entity/artifact_entity.py
      hash: md5
      md5: 2720f82d5ff639fbb8c4f4be31433232
      size: 283
    - path: src/entity/config_entity.py
      hash: md5
      md5: 04916400227ff520b98d5136a1bd6736
      size: 1051
    outs:
    - path: data/feature/test.csv
      hash: md5
      md5: 12cd2348b09501a5b96c57f7aa7b653e
      size: 378137
    - path: data/feature/train.csv
      hash: md5
      md5: 99ace77af6f0c8077cbdbb92a6c04370
      size: 1509069
    - path: data/raw/raw.csv
      hash: md5
      md5: ec821041db7e211a8393c60ef95c10ce
      size: 1886543
  data_validation:
    cmd: python src/components/data_validation.py
    deps:
    - path: configs/config.py
      hash: md5
      md5: 3493074e5741d7b00e07e2a7f337462f
      size: 2450
    - path: configs/schema.yaml
      hash: md5
      md5: c18f7bfbcf91f6f0d7648b9ce2a38402
      size: 4664
    - path: configs/settings.py
      hash: md5
      md5: 1dd1f166deb69914148fc81e6c2aecf8
      size: 1645
    - path: data/feature/test.csv
      hash: md5
      md5: 12cd2348b09501a5b96c57f7aa7b653e
      size: 378137
    - path: data/feature/train.csv
      hash: md5
      md5: 99ace77af6f0c8077cbdbb92a6c04370
      size: 1509069
    - path: src/components/data_validation.py
      hash: md5
      md5: 38660cc677b56535b5a178213bcf6ed8
      size: 2328
    - path: src/entity/artifact_entity.py
      hash: md5
      md5: 2720f82d5ff639fbb8c4f4be31433232
      size: 283
    - path: src/utils/common.py
      hash: md5
      md5: bd84b5ee54603cd77dc07b71a95e7e2b
      size: 2045
    outs:
    - path: artifacts/reports/validation.json
      hash: md5
      md5: 21e7a5cf0337dc32b111f216edba9537
      size: 69
  data_preproccessing:
    cmd: python src/components/data_preproccess.py
    deps:
    - path: configs/config.py
      hash: md5
      md5: 3493074e5741d7b00e07e2a7f337462f
      size: 2450
    - path: configs/settings.py
      hash: md5
      md5: 1dd1f166deb69914148fc81e6c2aecf8
      size: 1645
    - path: src/components/data_preproccess.py
      hash: md5
      md5: 6d4adae7c3180a748d207e5879c2e361
      size: 2228
    - path: src/utils/common.py
      hash: md5
      md5: bd84b5ee54603cd77dc07b71a95e7e2b
      size: 2045
    outs:
    - path: data/preproccessed/test.csv
      hash: md5
      md5: 12cd2348b09501a5b96c57f7aa7b653e
      size: 378137
    - path: data/preproccessed/train.csv
      hash: md5
      md5: 12cd2348b09501a5b96c57f7aa7b653e
      size: 378137
  data_transformation:
    cmd: python src/components/data_transformation.py
    deps:
    - path: configs/config.py
      hash: md5
      md5: 3493074e5741d7b00e07e2a7f337462f
      size: 2450
    - path: configs/settings.py
      hash: md5
      md5: 1dd1f166deb69914148fc81e6c2aecf8
      size: 1645
    - path: src/components/data_transformation.py
      hash: md5
      md5: 06bd8e72f930c3209f0126bce8885a2e
      size: 6532
    - path: src/utils/common.py
      hash: md5
      md5: bd84b5ee54603cd77dc07b71a95e7e2b
      size: 2045
    outs:
    - path: artifacts/transform/preproccessor/preproccessor.pkl
      hash: md5
      md5: 51e2ea4654bf993a9440c5a32a5a6178
      size: 200512
    - path: artifacts/transform/x_test.csv
      hash: md5
      md5: e4949d56e86d485b49f13a69446b8388
      size: 6934609
    - path: artifacts/transform/x_train.csv
      hash: md5
      md5: 41c0d1697c880e506033d900392ae328
      size: 27715376
  model_trainer:
    cmd: python src/components/model_trainer.py
    deps:
    - path: artifacts/transform/preproccessor/preproccessor.pkl
      hash: md5
      md5: 51e2ea4654bf993a9440c5a32a5a6178
      size: 200512
    - path: artifacts/transform/x_test.csv
      hash: md5
      md5: e4949d56e86d485b49f13a69446b8388
      size: 6934609
    - path: artifacts/transform/x_train.csv
      hash: md5
      md5: 41c0d1697c880e506033d900392ae328
      size: 27715376
    - path: configs/config.py
      hash: md5
      md5: 3493074e5741d7b00e07e2a7f337462f
      size: 2450
    - path: configs/settings.py
      hash: md5
      md5: 1dd1f166deb69914148fc81e6c2aecf8
      size: 1645
    - path: params.yaml
      hash: md5
      md5: 9498395b23585067e287e5e58ac9a0e5
      size: 91
    - path: src/components/model_trainer.py
      hash: md5
      md5: 8d6db8ec3ac120ae27717d19e15a1c4c
      size: 4309
    - path: src/entity/artifact_entity.py
      hash: md5
      md5: 2720f82d5ff639fbb8c4f4be31433232
      size: 283
    - path: src/entity/config_entity.py
      hash: md5
      md5: 04916400227ff520b98d5136a1bd6736
      size: 1051
    - path: src/utils/common.py
      hash: md5
      md5: bd84b5ee54603cd77dc07b71a95e7e2b
      size: 2045
    outs:
    - path: artifacts/models/model.pkl
      hash: md5
      md5: a39844204c789a5f716438eeefb64cc2
      size: 3397654
    - path: artifacts/prediction/prediction_test.csv
      hash: md5
      md5: a6c203d9b567ce5444d3dfc6c14bcfcd
      size: 4239
    - path: artifacts/prediction/prediction_train.csv
      hash: md5
      md5: f144a4e1dfdc31b469debe9513e560b1
      size: 16914
  model_evaluation:
    cmd: python src/components/model_evaluation.py
    deps:
    - path: artifacts/prediction/prediction_test.csv
      hash: md5
      md5: a6c203d9b567ce5444d3dfc6c14bcfcd
      size: 4239
    - path: artifacts/prediction/prediction_train.csv
      hash: md5
      md5: f144a4e1dfdc31b469debe9513e560b1
      size: 16914
    - path: artifacts/transform/y_test.csv
      hash: md5
      md5: c14ab5a148ba3b214cef3217701afccc
      size: 4239
    - path: artifacts/transform/y_train.csv
      hash: md5
      md5: c592a92a16f50258e215325a30a01e45
      size: 16914
    - path: configs/config.py
      hash: md5
      md5: 3493074e5741d7b00e07e2a7f337462f
      size: 2450
    - path: configs/settings.py
      hash: md5
      md5: 1dd1f166deb69914148fc81e6c2aecf8
      size: 1645
    - path: src/components/model_evaluation.py
      hash: md5
      md5: 6fa4a76ec7ca6db33d698f24b33a9b7a
      size: 2468
    - path: src/entity/artifact_entity.py
      hash: md5
      md5: 2720f82d5ff639fbb8c4f4be31433232
      size: 283
    - path: src/entity/config_entity.py
      hash: md5
      md5: 04916400227ff520b98d5136a1bd6736
      size: 1051
    - path: src/utils/common.py
      hash: md5
      md5: bd84b5ee54603cd77dc07b71a95e7e2b
      size: 2045
    outs:
    - path: artifacts/metrics/metrics.json
      hash: md5
      md5: dd478dca610a0a8bbbae5ba083ed6ade
      size: 129
